// !$*UTF8*$!
{
	archiveVersion = 1;
	classes = {
	};
	objectVersion = 50;
	objects = {

/* Begin PBXBuildFile section */
		D82CA72625EBBB800080CACA /* CustomNavViewApp.swift in Sources */ = {isa = PBXBuildFile; fileRef = D82CA72525EBBB800080CACA /* CustomNavViewApp.swift */; };
		D82CA72825EBBB800080CACA /* ContentView.swift in Sources */ = {isa = PBXBuildFile; fileRef = D82CA72725EBBB800080CACA /* ContentView.swift */; };
		D82CA72A25EBBB800080CACA /* Assets.xcassets in Resources */ = {isa = PBXBuildFile; fileRef = D82CA72925EBBB800080CACA /* Assets.xcassets */; };
		D82CA72D25EBBB800080CACA /* Preview Assets.xcassets in Resources */ = {isa = PBXBuildFile; fileRef = D82CA72C25EBBB800080CACA /* Preview Assets.xcassets */; };
		D82CA73625EBBECC0080CACA /* MainTabView.swift in Sources */ = {isa = PBXBuildFile; fileRef = D82CA73525EBBECC0080CACA /* MainTabView.swift */; };
		D82CA73925EBBEF30080CACA /* HomeTabView.swift in Sources */ = {isa = PBXBuildFile; fileRef = D82CA73825EBBEF30080CACA /* HomeTabView.swift */; };
/* End PBXBuildFile section */

/* Begin PBXFileReference section */
		D82CA72225EBBB800080CACA /* CustomNavView.app */ = {isa = PBXFileReference; explicitFileType = wrapper.application; includeInIndex = 0; path = CustomNavView.app; sourceTree = BUILT_PRODUCTS_DIR; };
		D82CA72525EBBB800080CACA /* CustomNavViewApp.swift */ = {isa = PBXFileReference; lastKnownFileType = sourcecode.swift; path = CustomNavViewApp.swift; sourceTree = "<group>"; };
		D82CA72725EBBB800080CACA /* ContentView.swift */ = {isa = PBXFileReference; lastKnownFileType = sourcecode.swift; path = ContentView.swift; sourceTree = "<group>"; };
		D82CA72925EBBB800080CACA /* Assets.xcassets */ = {isa = PBXFileReference; lastKnownFileType = folder.assetcatalog; path = Assets.xcassets; sourceTree = "<group>"; };
		D82CA72C25EBBB800080CACA /* Preview Assets.xcassets */ = {isa = PBXFileReference; lastKnownFileType = folder.assetcatalog; path = "Preview Assets.xcassets"; sourceTree = "<group>"; };
		D82CA72E25EBBB800080CACA /* Info.plist */ = {isa = PBXFileReference; lastKnownFileType = text.plist.xml; path = Info.plist; sourceTree = "<group>"; };
		D82CA73525EBBECC0080CACA /* MainTabView.swift */ = {isa = PBXFileReference; lastKnownFileType = sourcecode.swift; path = MainTabView.swift; sourceTree = "<group>"; };
		D82CA73825EBBEF30080CACA /* HomeTabView.swift */ = {isa = PBXFileReference; lastKnownFileType = sourcecode.swift; path = HomeTabView.swift; sourceTree = "<group>"; };
/* End PBXFileReference section */

/* Begin PBXFrameworksBuildPhase section */
		D82CA71F25EBBB800080CACA /* Frameworks */ = {
			isa = PBXFrameworksBuildPhase;
			buildActionMask = 2147483647;
			files = (
			);
			runOnlyForDeploymentPostprocessing = 0;
		};
/* End PBXFrameworksBuildPhase section */

/* Begin PBXGroup section */
		D82CA71925EBBB800080CACA = {
			isa = PBXGroup;
			children = (
				D82CA72425EBBB800080CACA /* CustomNavView */,
				D82CA72325EBBB800080CACA /* Products */,
			);
			sourceTree = "<group>";
		};
		D82CA72325EBBB800080CACA /* Products */ = {
			isa = PBXGroup;
			children = (
				D82CA72225EBBB800080CACA /* CustomNavView.app */,
			);
			name = Products;
			sourceTree = "<group>";
		};
		D82CA72425EBBB800080CACA /* CustomNavView */ = {
			isa = PBXGroup;
			children = (
				D82CA72525EBBB800080CACA /* CustomNavViewApp.swift */,
				D82CA72725EBBB800080CACA /* ContentView.swift */,
				D82CA72925EBBB800080CACA /* Assets.xcassets */,
				D82CA72E25EBBB800080CACA /* Info.plist */,
				D82CA72B25EBBB800080CACA /* Preview Content */,
				D82CA73525EBBECC0080CACA /* MainTabView.swift */,
				D82CA73825EBBEF30080CACA /* HomeTabView.swift */,
			);
			path = CustomNavView;
			sourceTree = "<group>";
		};
		D82CA72B25EBBB800080CACA /* Preview Content */ = {
			isa = PBXGroup;
			children = (
				D82CA72C25EBBB800080CACA /* Preview Assets.xcassets */,
			);
			path = "Preview Content";
			sourceTree = "<group>";
		};
/* End PBXGroup section */

/* Begin PBXNativeTarget section */
		D82CA72125EBBB800080CACA /* CustomNavView */ = {
			isa = PBXNativeTarget;
			buildConfigurationList = D82CA73125EBBB800080CACA /* Build configuration list for PBXNativeTarget "CustomNavView" */;
			buildPhases = (
				D82CA71E25EBBB800080CACA /* Sources */,
				D82CA71F25EBBB800080CACA /* Frameworks */,
				D82CA72025EBBB800080CACA /* Resources */,
			);
			buildRules = (
			);
			dependencies = (
			);
			name = CustomNavView;
			productName = CustomNavView;
			productReference = D82CA72225EBBB800080CACA /* CustomNavView.app */;
			productType = "com.apple.product-type.application";
		};
/* End PBXNativeTarget section */

/* Begin PBXProject section */
		D82CA71A25EBBB800080CACA /* Project object */ = {
			isa = PBXProject;
			attributes = {
				LastSwiftUpdateCheck = 1230;
				LastUpgradeCheck = 1230;
				TargetAttributes = {
					D82CA72125EBBB800080CACA = {
						CreatedOnToolsVersion = 12.3;
					};
				};
			};
			buildConfigurationList = D82CA71D25EBBB800080CACA /* Build configuration list for PBXProject "CustomNavView" */;
			compatibilityVersion = "Xcode 9.3";
			developmentRegion = en;
			hasScannedForEncodings = 0;
			knownRegions = (
				en,
				Base,
			);
			mainGroup = D82CA71925EBBB800080CACA;
			productRefGroup = D82CA72325EBBB800080CACA /* Products */;
			projectDirPath = "";
			projectRoot = "";
			targets = (
				D82CA72125EBBB800080CACA /* CustomNavView */,
			);
		};
/* End PBXProject section */

/* Begin PBXResourcesBuildPhase section */
		D82CA72025EBBB800080CACA /* Resources */ = {
			isa = PBXResourcesBuildPhase;
			buildActionMask = 2147483647;
			files = (
				D82CA72D25EBBB800080CACA /* Preview Assets.xcassets in Resources */,
				D82CA72A25EBBB800080CACA /* Assets.xcassets in Resources */,
			);
			runOnlyForDeploymentPostprocessing = 0;
		};
/* End PBXResourcesBuildPhase section */

/* Begin PBXSourcesBuildPhase section */
		D82CA71E25EBBB800080CACA /* Sources */ = {
			isa = PBXSourcesBuildPhase;
			buildActionMask = 2147483647;
			files = (
				D82CA72825EBBB800080CACA /* ContentView.swift in Sources */,
				D82CA72625EBBB800080CACA /* CustomNavViewApp.swift in Sources */,
				D82CA73625EBBECC0080CACA /* MainTabView.swift in Sources */,
				D82CA73925EBBEF30080CACA /* HomeTabView.swift in Sources */,
			);
			runOnlyForDeploymentPostprocessing = 0;
		};
/* End PBXSourcesBuildPhase section */

/* Begin XCBuildConfiguration section */
		D82CA72F25EBBB800080CACA /* Debug */ = {
			isa = XCBuildConfiguration;
			buildSettings = {
				ALWAYS_SEARCH_USER_PATHS = NO;
				CLANG_ANALYZER_NONNULL = YES;
				CLANG_ANALYZER_NUMBER_OBJECT_CONVERSION = YES_AGGRESSIVE;
				CLANG_CXX_LANGUAGE_STANDARD = "gnu++14";
				CLANG_CXX_LIBRARY = "libc++";
				CLANG_ENABLE_MODULES = YES;
				CLANG_ENABLE_OBJC_ARC = YES;
				CLANG_ENABLE_OBJC_WEAK = YES;
				CLANG_WARN_BLOCK_CAPTURE_AUTORELEASING = YES;
				CLANG_WARN_BOOL_CONVERSION = YES;
				CLANG_WARN_COMMA = YES;
				CLANG_WARN_CONSTANT_CONVERSION = YES;
				CLANG_WARN_DEPRECATED_OBJC_IMPLEMENTATIONS = YES;
				CLANG_WARN_DIRECT_OBJC_ISA_USAGE = YES_ERROR;
				CLANG_WARN_DOCUMENTATION_COMMENTS = YES;
				CLANG_WARN_EMPTY_BODY = YES;
				CLANG_WARN_ENUM_CONVERSION = YES;
				CLANG_WARN_INFINITE_RECURSION = YES;
				CLANG_WARN_INT_CONVERSION = YES;
				CLANG_WARN_NON_LITERAL_NULL_CONVERSION = YES;
				CLANG_WARN_OBJC_IMPLICIT_RETAIN_SELF = YES;
				CLANG_WARN_OBJC_LITERAL_CONVERSION = YES;
				CLANG_WARN_OBJC_ROOT_CLASS = YES_ERROR;
				CLANG_WARN_QUOTED_INCLUDE_IN_FRAMEWORK_HEADER = YES;
				CLANG_WARN_RANGE_LOOP_ANALYSIS = YES;
				CLANG_WARN_STRICT_PROTOTYPES = YES;
				CLANG_WARN_SUSPICIOUS_MOVE = YES;
				CLANG_WARN_UNGUARDED_AVAILABILITY = YES_AGGRESSIVE;
				CLANG_WARN_UNREACHABLE_CODE = YES;
				CLANG_WARN__DUPLICATE_METHOD_MATCH = YES;
				COPY_PHASE_STRIP = NO;
				DEBUG_INFORMATION_FORMAT = dwarf;
				ENABLE_STRICT_OBJC_MSGSEND = YES;
				ENABLE_TESTABILITY = YES;
				GCC_C_LANGUAGE_STANDARD = gnu11;
				GCC_DYNAMIC_NO_PIC = NO;
				GCC_NO_COMMON_BLOCKS = YES;
				GCC_OPTIMIZATION_LEVEL = 0;
				GCC_PREPROCESSOR_DEFINITIONS = (
					"DEBUG=1",
					"$(inherited)",
				);
				GCC_WARN_64_TO_32_BIT_CONVERSION = YES;
				GCC_WARN_ABOUT_RETURN_TYPE = YES_ERROR;
				GCC_WARN_UNDECLARED_SELECTOR = YES;
				GCC_WARN_UNINITIALIZED_AUTOS = YES_AGGRESSIVE;
				GCC_WARN_UNUSED_FUNCTION = YES;
				GCC_WARN_UNUSED_VARIABLE = YES;
				IPHONEOS_DEPLOYMENT_TARGET = 14.3;
				MTL_ENABLE_DEBUG_INFO = INCLUDE_SOURCE;
				MTL_FAST_MATH = YES;
				ONLY_ACTIVE_ARCH = YES;
				SDKROOT = iphoneos;
				SWIFT_ACTIVE_COMPILATION_CONDITIONS = DEBUG;
				SWIFT_OPTIMIZATION_LEVEL = "-Onone";
			};
			name = Debug;
		};
		D82CA73025EBBB800080CACA /* Release */ = {
			isa = XCBuildConfiguration;
			buildSettings = {
				ALWAYS_SEARCH_USER_PATHS = NO;
				CLANG_ANALYZER_NONNULL = YES;
				CLANG_ANALYZER_NUMBER_OBJECT_CONVERSION = YES_AGGRESSIVE;
				CLANG_CXX_LANGUAGE_STANDARD = "gnu++14";
				CLANG_CXX_LIBRARY = "libc++";
				CLANG_ENABLE_MODULES = YES;
				CLANG_ENABLE_OBJC_ARC = YES;
				CLANG_ENABLE_OBJC_WEAK = YES;
				CLANG_WARN_BLOCK_CAPTURE_AUTORELEASING = YES;
				CLANG_WARN_BOOL_CONVERSION = YES;
				CLANG_WARN_COMMA = YES;
				CLANG_WARN_CONSTANT_CONVERSION = YES;
				CLANG_WARN_DEPRECATED_OBJC_IMPLEMENTATIONS = YES;
				CLANG_WARN_DIRECT_OBJC_ISA_USAGE = YES_ERROR;
				CLANG_WARN_DOCUMENTATION_COMMENTS = YES;
				CLANG_WARN_EMPTY_BODY = YES;
				CLANG_WARN_ENUM_CONVERSION = YES;
				CLANG_WARN_INFINITE_RECURSION = YES;
				CLANG_WARN_INT_CONVERSION = YES;
				CLANG_WARN_NON_LITERAL_NULL_CONVERSION = YES;
				CLANG_WARN_OBJC_IMPLICIT_RETAIN_SELF = YES;
				CLANG_WARN_OBJC_LITERAL_CONVERSION = YES;
				CLANG_WARN_OBJC_ROOT_CLASS = YES_ERROR;
				CLANG_WARN_QUOTED_INCLUDE_IN_FRAMEWORK_HEADER = YES;
				CLANG_WARN_RANGE_LOOP_ANALYSIS = YES;
				CLANG_WARN_STRICT_PROTOTYPES = YES;
				CLANG_WARN_SUSPICIOUS_MOVE = YES;
				CLANG_WARN_UNGUARDED_AVAILABILITY = YES_AGGRESSIVE;
				CLANG_WARN_UNREACHABLE_CODE = YES;
				CLANG_WARN__DUPLICATE_METHOD_MATCH = YES;
				COPY_PHASE_STRIP = NO;
				DEBUG_INFORMATION_FORMAT = "dwarf-with-dsym";
				ENABLE_NS_ASSERTIONS = NO;
				ENABLE_STRICT_OBJC_MSGSEND = YES;
				GCC_C_LANGUAGE_STANDARD = gnu11;
				GCC_NO_COMMON_BLOCKS = YES;
				GCC_WARN_64_TO_32_BIT_CONVERSION = YES;
				GCC_WARN_ABOUT_RETURN_TYPE = YES_ERROR;
				GCC_WARN_UNDECLARED_SELECTOR = YES;
				GCC_WARN_UNINITIALIZED_AUTOS = YES_AGGRESSIVE;
				GCC_WARN_UNUSED_FUNCTION = YES;
				GCC_WARN_UNUSED_VARIABLE = YES;
				IPHONEOS_DEPLOYMENT_TARGET = 14.3;
				MTL_ENABLE_DEBUG_INFO = NO;
				MTL_FAST_MATH = YES;
				SDKROOT = iphoneos;
				SWIFT_COMPILATION_MODE = wholemodule;
				SWIFT_OPTIMIZATION_LEVEL = "-O";
				VALIDATE_PRODUCT = YES;
			};
			name = Release;
		};
		D82CA73225EBBB800080CACA /* Debug */ = {
			isa = XCBuildConfiguration;
			buildSettings = {
				ASSETCATALOG_COMPILER_APPICON_NAME = AppIcon;
				ASSETCATALOG_COMPILER_GLOBAL_ACCENT_COLOR_NAME = AccentColor;
				CODE_SIGN_STYLE = Automatic;
				DEVELOPMENT_ASSET_PATHS = "\"CustomNavView/Preview Content\"";
				DEVELOPMENT_TEAM = 4Y7X2393Y7;
				ENABLE_PREVIEWS = YES;
				INFOPLIST_FILE = CustomNavView/Info.plist;
				IPHONEOS_DEPLOYMENT_TARGET = 14.0;
				LD_RUNPATH_SEARCH_PATHS = (
					"$(inherited)",
					"@executable_path/Frameworks",
				);
				PRODUCT_BUNDLE_IDENTIFIER = wang.inferior.CustomNavView;
				PRODUCT_NAME = "$(TARGET_NAME)";
				SWIFT_VERSION = 5.0;
				TARGETED_DEVICE_FAMILY = "1,2";
			};
			name = Debug;
		};
		D82CA73325EBBB800080CACA /* Release */ = {
			isa = XCBuildConfiguration;
			buildSettings = {
				ASSETCATALOG_COMPILER_APPICON_NAME = AppIcon;
				ASSETCATALOG_COMPILER_GLOBAL_ACCENT_COLOR_NAME = AccentColor;
				CODE_SIGN_STYLE = Automatic;
				DEVELOPMENT_ASSET_PATHS = "\"CustomNavView/Preview Content\"";
				DEVELOPMENT_TEAM = 4Y7X2393Y7;
				ENABLE_PREVIEWS = YES;
				INFOPLIST_FILE = CustomNavView/Info.plist;
				IPHONEOS_DEPLOYMENT_TARGET = 14.0;
				LD_RUNPATH_SEARCH_PATHS = (
					"$(inherited)",
					"@executable_path/Frameworks",
				);
				PRODUCT_BUNDLE_IDENTIFIER = wang.inferior.CustomNavView;
				PRODUCT_NAME = "$(TARGET_NAME)";
				SWIFT_VERSION = 5.0;
				TARGETED_DEVICE_FAMILY = "1,2";
			};
			name = Release;
		};
/* End XCBuildConfiguration section */

/* Begin XCConfigurationList section */
		D82CA71D25EBBB800080CACA /* Build configuration list for PBXProject "CustomNavView" */ = {
			isa = XCConfigurationList;
			buildConfigurations = (
				D82CA72F25EBBB800080CACA /* Debug */,
				D82CA73025EBBB800080CACA /* Release */,
			);
			defaultConfigurationIsVisible = 0;
			defaultConfigurationName = Release;
		};
		D82CA73125EBBB800080CACA /* Build configuration list for PBXNativeTarget "CustomNavView" */ = {
			isa = XCConfigurationList;
			buildConfigurations = (
				D82CA73225EBBB800080CACA /* Debug */,
				D82CA73325EBBB800080CACA /* Release */,
			);
			defaultConfigurationIsVisible = 0;
			defaultConfigurationName = Release;
		};
/* End XCConfigurationList section */
	};
	rootObject = D82CA71A25EBBB800080CACA /* Project object */;
}
